
Microsoft Visual Studio Solution File, Format Version 12.00
# Visual Studio Version 16
VisualStudioVersion = 16.0.30804.86
MinimumVisualStudioVersion = 10.0.40219.1
Project("{2150E333-8FDC-42A3-9474-1A3956D46DE8}") = "src", "src", "{8A9F5512-8532-4C5C-96A6-CE87DD654A87}"
EndProject
Project("{9A19103F-16F7-4668-BE54-9A1E7A4F7556}") = "ClimaControl.Data", "src\ClimaControl.Data\ClimaControl.Data.csproj", "{120C351A-F1A0-4C47-9E17-FAAE0416210B}"
EndProject
Project("{2150E333-8FDC-42A3-9474-1A3956D46DE8}") = "UIServices", "UIServices", "{5D03CF4D-E322-4DD2-883D-AD6A89B4CF44}"
EndProject
Project("{9A19103F-16F7-4668-BE54-9A1E7A4F7556}") = "ClimaControl.UI", "src\UIServices\ClimaControl.UI\ClimaControl.UI.csproj", "{75F5C729-7847-4C81-ADF0-2537AB4234EC}"
EndProject
Project("{9A19103F-16F7-4668-BE54-9A1E7A4F7556}") = "ClimaControl.UI.WPF", "src\UIServices\ClimaControl.UI.WPF\ClimaControl.UI.WPF.csproj", "{22399B91-CF07-4AAF-8870-2BE85F074E1D}"
EndProject
Project("{9A19103F-16F7-4668-BE54-9A1E7A4F7556}") = "ClimaControl.UI.Impl", "src\UIServices\ClimaControl.UI.Impl\ClimaControl.UI.Impl.csproj", "{33047813-41C4-4DFA-A641-629F6900980F}"
EndProject
Project("{9A19103F-16F7-4668-BE54-9A1E7A4F7556}") = "ClimaLauncher", "ClimaLauncher\ClimaLauncher.csproj", "{1DB6BC6B-6439-43D1-A9F2-A57957750AB6}"
EndProject
Project("{2150E333-8FDC-42A3-9474-1A3956D46DE8}") = "templates", "templates", "{20EAD73E-3B6C-4746-8AF2-0BA5AD2A8D48}"
	ProjectSection(SolutionItems) = preProject
		templates\ClimaShell_Dialog.zip = templates\ClimaShell_Dialog.zip
		templates\ClimaShell_View.zip = templates\ClimaShell_View.zip
	EndProjectSection
EndProject
Project("{2150E333-8FDC-42A3-9474-1A3956D46DE8}") = "SecurityServices", "SecurityServices", "{26D488D7-ECBC-4A9B-8A8C-FF18B609E163}"
EndProject
Project("{FAE04EC0-301F-11D3-BF4B-00C04F79EFBC}") = "ClimaControl.Security", "src\SecurityServices\ClimaControl.Security\ClimaControl.Security.csproj", "{58258629-009D-4568-B4DB-1CE968962908}"
EndProject
Project("{2150E333-8FDC-42A3-9474-1A3956D46DE8}") = "Repositories", "Repositories", "{494CB265-96B1-4EDB-B831-B6B78A62760D}"
EndProject
Project("{FAE04EC0-301F-11D3-BF4B-00C04F79EFBC}") = "ClimaControl.Security.Repository.Debug", "src\Repositories\ClimaControl.Security.Repository\ClimaControl.Security.Repository.Debug.csproj", "{C23E1F28-ECC4-4D50-8735-2488BD3F052F}"
EndProject
Project("{FAE04EC0-301F-11D3-BF4B-00C04F79EFBC}") = "ClimaControl.UI.WPF.ThemeLight", "src\UIServices\ClimaControl.UI.WPF.ThemeLight\ClimaControl.UI.WPF.ThemeLight.csproj", "{07E09FCD-4220-499D-9FF9-454EE2B45C42}"
EndProject
Project("{9A19103F-16F7-4668-BE54-9A1E7A4F7556}") = "ClimaControl.UI.WPF.ThemeDark", "src\UIServices\ClimaControl.UI.WPF.ThemeDark\ClimaControl.UI.WPF.ThemeDark.csproj", "{70189FCB-F71B-4EA3-BB8A-5A2A3CE20416}"
EndProject
Global
	GlobalSection(SolutionConfigurationPlatforms) = preSolution
		Debug|Any CPU = Debug|Any CPU
		Release|Any CPU = Release|Any CPU
	EndGlobalSection
	GlobalSection(ProjectConfigurationPlatforms) = postSolution
		{120C351A-F1A0-4C47-9E17-FAAE0416210B}.Debug|Any CPU.ActiveCfg = Debug|Any CPU
		{120C351A-F1A0-4C47-9E17-FAAE0416210B}.Debug|Any CPU.Build.0 = Debug|Any CPU
		{120C351A-F1A0-4C47-9E17-FAAE0416210B}.Release|Any CPU.ActiveCfg = Release|Any CPU
		{120C351A-F1A0-4C47-9E17-FAAE0416210B}.Release|Any CPU.Build.0 = Release|Any CPU
		{75F5C729-7847-4C81-ADF0-2537AB4234EC}.Debug|Any CPU.ActiveCfg = Debug|Any CPU
		{75F5C729-7847-4C81-ADF0-2537AB4234EC}.Debug|Any CPU.Build.0 = Debug|Any CPU
		{75F5C729-7847-4C81-ADF0-2537AB4234EC}.Release|Any CPU.ActiveCfg = Release|Any CPU
		{75F5C729-7847-4C81-ADF0-2537AB4234EC}.Release|Any CPU.Build.0 = Release|Any CPU
		{22399B91-CF07-4AAF-8870-2BE85F074E1D}.Debug|Any CPU.ActiveCfg = Debug|Any CPU
		{22399B91-CF07-4AAF-8870-2BE85F074E1D}.Debug|Any CPU.Build.0 = Debug|Any CPU
		{22399B91-CF07-4AAF-8870-2BE85F074E1D}.Release|Any CPU.ActiveCfg = Release|Any CPU
		{22399B91-CF07-4AAF-8870-2BE85F074E1D}.Release|Any CPU.Build.0 = Release|Any CPU
		{33047813-41C4-4DFA-A641-629F6900980F}.Debug|Any CPU.ActiveCfg = Debug|Any CPU
		{33047813-41C4-4DFA-A641-629F6900980F}.Debug|Any CPU.Build.0 = Debug|Any CPU
		{33047813-41C4-4DFA-A641-629F6900980F}.Release|Any CPU.ActiveCfg = Release|Any CPU
		{33047813-41C4-4DFA-A641-629F6900980F}.Release|Any CPU.Build.0 = Release|Any CPU
		{1DB6BC6B-6439-43D1-A9F2-A57957750AB6}.Debug|Any CPU.ActiveCfg = Debug|Any CPU
		{1DB6BC6B-6439-43D1-A9F2-A57957750AB6}.Debug|Any CPU.Build.0 = Debug|Any CPU
		{1DB6BC6B-6439-43D1-A9F2-A57957750AB6}.Release|Any CPU.ActiveCfg = Release|Any CPU
		{1DB6BC6B-6439-43D1-A9F2-A57957750AB6}.Release|Any CPU.Build.0 = Release|Any CPU
		{58258629-009D-4568-B4DB-1CE968962908}.Debug|Any CPU.ActiveCfg = Debug|Any CPU
		{58258629-009D-4568-B4DB-1CE968962908}.Debug|Any CPU.Build.0 = Debug|Any CPU
		{58258629-009D-4568-B4DB-1CE968962908}.Release|Any CPU.ActiveCfg = Release|Any CPU
		{58258629-009D-4568-B4DB-1CE968962908}.Release|Any CPU.Build.0 = Release|Any CPU
		{C23E1F28-ECC4-4D50-8735-2488BD3F052F}.Debug|Any CPU.ActiveCfg = Debug|Any CPU
		{C23E1F28-ECC4-4D50-8735-2488BD3F052F}.Debug|Any CPU.Build.0 = Debug|Any CPU
		{C23E1F28-ECC4-4D50-8735-2488BD3F052F}.Release|Any CPU.ActiveCfg = Release|Any CPU
		{C23E1F28-ECC4-4D50-8735-2488BD3F052F}.Release|Any CPU.Build.0 = Release|Any CPU
		{07E09FCD-4220-499D-9FF9-454EE2B45C42}.Debug|Any CPU.ActiveCfg = Debug|Any CPU
		{07E09FCD-4220-499D-9FF9-454EE2B45C42}.Debug|Any CPU.Build.0 = Debug|Any CPU
		{07E09FCD-4220-499D-9FF9-454EE2B45C42}.Release|Any CPU.ActiveCfg = Release|Any CPU
		{07E09FCD-4220-499D-9FF9-454EE2B45C42}.Release|Any CPU.Build.0 = Release|Any CPU
		{70189FCB-F71B-4EA3-BB8A-5A2A3CE20416}.Debug|Any CPU.ActiveCfg = Debug|Any CPU
		{70189FCB-F71B-4EA3-BB8A-5A2A3CE20416}.Debug|Any CPU.Build.0 = Debug|Any CPU
		{70189FCB-F71B-4EA3-BB8A-5A2A3CE20416}.Release|Any CPU.ActiveCfg = Release|Any CPU
		{70189FCB-F71B-4EA3-BB8A-5A2A3CE20416}.Release|Any CPU.Build.0 = Release|Any CPU
	EndGlobalSection
	GlobalSection(SolutionProperties) = preSolution
		HideSolutionNode = FALSE
	EndGlobalSection
	GlobalSection(NestedProjects) = preSolution
		{120C351A-F1A0-4C47-9E17-FAAE0416210B} = {8A9F5512-8532-4C5C-96A6-CE87DD654A87}
		{5D03CF4D-E322-4DD2-883D-AD6A89B4CF44} = {8A9F5512-8532-4C5C-96A6-CE87DD654A87}
		{75F5C729-7847-4C81-ADF0-2537AB4234EC} = {5D03CF4D-E322-4DD2-883D-AD6A89B4CF44}
		{22399B91-CF07-4AAF-8870-2BE85F074E1D} = {5D03CF4D-E322-4DD2-883D-AD6A89B4CF44}
		{33047813-41C4-4DFA-A641-629F6900980F} = {5D03CF4D-E322-4DD2-883D-AD6A89B4CF44}
		{1DB6BC6B-6439-43D1-A9F2-A57957750AB6} = {8A9F5512-8532-4C5C-96A6-CE87DD654A87}
		{26D488D7-ECBC-4A9B-8A8C-FF18B609E163} = {8A9F5512-8532-4C5C-96A6-CE87DD654A87}
		{58258629-009D-4568-B4DB-1CE968962908} = {26D488D7-ECBC-4A9B-8A8C-FF18B609E163}
		{494CB265-96B1-4EDB-B831-B6B78A62760D} = {8A9F5512-8532-4C5C-96A6-CE87DD654A87}
		{C23E1F28-ECC4-4D50-8735-2488BD3F052F} = {494CB265-96B1-4EDB-B831-B6B78A62760D}
		{07E09FCD-4220-499D-9FF9-454EE2B45C42} = {5D03CF4D-E322-4DD2-883D-AD6A89B4CF44}
		{70189FCB-F71B-4EA3-BB8A-5A2A3CE20416} = {5D03CF4D-E322-4DD2-883D-AD6A89B4CF44}
	EndGlobalSection
	GlobalSection(ExtensibilityGlobals) = postSolution
		SolutionGuid = {50E587A7-5450-4F21-BE56-DD8CBBB4BA7C}
	EndGlobalSection
EndGlobal
