
Microsoft Visual Studio Solution File, Format Version 12.00
# Visual Studio Version 16
VisualStudioVersion = 16.0.30621.155
MinimumVisualStudioVersion = 10.0.40219.1
Project("{FAE04EC0-301F-11D3-BF4B-00C04F79EFBC}") = "MyProjectTemplate", "MyProjectTemplate\MyProjectTemplate.csproj", "{702FB834-BE51-47E4-962C-556E3A19F440}"
EndProject
Project("{FAE04EC0-301F-11D3-BF4B-00C04F79EFBC}") = "MyProjectWizard", "MyProjectWizard\MyProjectWizard.csproj", "{7B181CE4-6A93-4231-9340-583D54EF526A}"
EndProject
Global
	GlobalSection(SolutionConfigurationPlatforms) = preSolution
		Debug|Any CPU = Debug|Any CPU
		Release|Any CPU = Release|Any CPU
	EndGlobalSection
	GlobalSection(ProjectConfigurationPlatforms) = postSolution
		{702FB834-BE51-47E4-962C-556E3A19F440}.Debug|Any CPU.ActiveCfg = Debug|Any CPU
		{702FB834-BE51-47E4-962C-556E3A19F440}.Debug|Any CPU.Build.0 = Debug|Any CPU
		{702FB834-BE51-47E4-962C-556E3A19F440}.Release|Any CPU.ActiveCfg = Release|Any CPU
		{702FB834-BE51-47E4-962C-556E3A19F440}.Release|Any CPU.Build.0 = Release|Any CPU
		{7B181CE4-6A93-4231-9340-583D54EF526A}.Debug|Any CPU.ActiveCfg = Debug|Any CPU
		{7B181CE4-6A93-4231-9340-583D54EF526A}.Debug|Any CPU.Build.0 = Debug|Any CPU
		{7B181CE4-6A93-4231-9340-583D54EF526A}.Release|Any CPU.ActiveCfg = Release|Any CPU
		{7B181CE4-6A93-4231-9340-583D54EF526A}.Release|Any CPU.Build.0 = Release|Any CPU
	EndGlobalSection
	GlobalSection(SolutionProperties) = preSolution
		HideSolutionNode = FALSE
	EndGlobalSection
	GlobalSection(ExtensibilityGlobals) = postSolution
		SolutionGuid = {3109B23C-9107-49E4-961A-E1AE6864AAC1}
	EndGlobalSection
EndGlobal
